// !$*UTF8*$!
{
	archiveVersion = 1;
	classes = {
	};
	objectVersion = 54;
	objects = {

/* Begin PBXBuildFile section */
		4D07405326E007B5007FE390 /* InfoPlist.strings in Resources */ = {isa = PBXBuildFile; fileRef = 4D07405226E007B5007FE390 /* InfoPlist.strings */; };
		4D3B7ACD26D3F30C008C1A4B /* UISettings.swift in Sources */ = {isa = PBXBuildFile; fileRef = 4D3B7ACC26D3F30C008C1A4B /* UISettings.swift */; };
		4D3B7ACF26D3F30C008C1A4B /* ProxySettings.swift in Sources */ = {isa = PBXBuildFile; fileRef = 4D3B7ACE26D3F30C008C1A4B /* ProxySettings.swift */; };
		4D73286C26D297BD00970795 /* CloudInputEngine.swift in Sources */ = {isa = PBXBuildFile; fileRef = 4D73286B26D297BD00970795 /* CloudInputEngine.swift */; };
		C944020EBD53ADC1D50C3753 /* CandidateCache.swift in Sources */ = {isa = PBXBuildFile; fileRef = BC5FBFDEBAE48F5E02DAE35A /* CandidateCache.swift */; };
		4DA371B42CF80E730055F12E /* Utilities.swift in Sources */ = {isa = PBXBuildFile; fileRef = 4DA371B32CF80E6F0055F12E /* Utilities.swift */; };
		4DCA724E26D2331900E53537 /* Assets.xcassets in Resources */ = {isa = PBXBuildFile; fileRef = 4DCA724D26D2331900E53537 /* Assets.xcassets */; };
		4DCA725126D2331900E53537 /* Preview Assets.xcassets in Resources */ = {isa = PBXBuildFile; fileRef = 4DCA725026D2331900E53537 /* Preview Assets.xcassets */; };
		4DCA725426D2331900E53537 /* Main.storyboard in Resources */ = {isa = PBXBuildFile; fileRef = 4DCA725226D2331900E53537 /* Main.storyboard */; };
		4DCA725D26D233B700E53537 /* main.swift in Sources */ = {isa = PBXBuildFile; fileRef = 4DCA725C26D233B700E53537 /* main.swift */; };
		4DCA725F26D2368B00E53537 /* GoogleInputToolsController.swift in Sources */ = {isa = PBXBuildFile; fileRef = 4DCA725E26D2368B00E53537 /* GoogleInputToolsController.swift */; };
		4DCA726126D246DF00E53537 /* InputContext.swift in Sources */ = {isa = PBXBuildFile; fileRef = 4DCA726026D246DF00E53537 /* InputContext.swift */; };
		4DCA726326D249F600E53537 /* CandidatesWindow.swift in Sources */ = {isa = PBXBuildFile; fileRef = 4DCA726226D249F600E53537 /* CandidatesWindow.swift */; };
		4DCA726526D24A1700E53537 /* CandidatesView.swift in Sources */ = {isa = PBXBuildFile; fileRef = 4DCA726426D24A1700E53537 /* CandidatesView.swift */; };
		02DB9849E580370B9789D2F9 /* CandidateUIManager.swift in Sources */ = {isa = PBXBuildFile; fileRef = 02DB9849E580370B9789D2F0 /* CandidateUIManager.swift */; };
		602F47FB93FF5FA30D594311 /* SystemUICandidateManager.swift in Sources */ = {isa = PBXBuildFile; fileRef = 602F47FB93FF5FA30D594310 /* SystemUICandidateManager.swift */; };
		643D6555C5D2FDDC94238C09 /* CustomUICandidateManager.swift in Sources */ = {isa = PBXBuildFile; fileRef = 643D6555C5D2FDDC94238C00 /* CustomUICandidateManager.swift */; };
		A1B2C3D4E5F6071829304150 /* PreferencesWindow.swift in Sources */ = {isa = PBXBuildFile; fileRef = A1B2C3D4E5F6071829304140 /* PreferencesWindow.swift */; };
		C1D2E3F4A5B6071829304160 /* ShiftToggleTracker.swift in Sources */ = {isa = PBXBuildFile; fileRef = C1D2E3F4A5B6071829304150 /* ShiftToggleTracker.swift */; };
B1A2C3D4E5F60718293041B1 /* InputContextTests.swift in Sources */ = {isa = PBXBuildFile; fileRef = B1A2C3D4E5F60718293041B0 /* InputContextTests.swift */; };
B1A2C3D4E5F60718293041B3 /* CloudInputEngineTests.swift in Sources */ = {isa = PBXBuildFile; fileRef = B1A2C3D4E5F60718293041B2 /* CloudInputEngineTests.swift */; };
		D1E2F3A4B5C60718293041C1 /* CandidateCacheTests.swift in Sources */ = {isa = PBXBuildFile; fileRef = D1E2F3A4B5C60718293041C0 /* CandidateCacheTests.swift */; };
		C1D2E3F4A5B6071829304170 /* ShiftToggleTrackerTests.swift in Sources */ = {isa = PBXBuildFile; fileRef = C1D2E3F4A5B6071829304165 /* ShiftToggleTrackerTests.swift */; };
/* End PBXBuildFile section */

/* Begin PBXFileReference section */
		4D07405226E007B5007FE390 /* InfoPlist.strings */ = {isa = PBXFileReference; lastKnownFileType = text.plist.strings; path = InfoPlist.strings; sourceTree = "<group>"; };
		4D3B7ACC26D3F30C008C1A4B /* UISettings.swift */ = {isa = PBXFileReference; lastKnownFileType = sourcecode.swift; path = UISettings.swift; sourceTree = "<group>"; };
		4D3B7ACE26D3F30C008C1A4B /* ProxySettings.swift */ = {isa = PBXFileReference; lastKnownFileType = sourcecode.swift; path = ProxySettings.swift; sourceTree = "<group>"; };
		4D73286B26D297BD00970795 /* CloudInputEngine.swift */ = {isa = PBXFileReference; lastKnownFileType = sourcecode.swift; path = CloudInputEngine.swift; sourceTree = "<group>"; };
		BC5FBFDEBAE48F5E02DAE35A /* CandidateCache.swift */ = {isa = PBXFileReference; lastKnownFileType = sourcecode.swift; path = CandidateCache.swift; sourceTree = "<group>"; };
		4DA371B32CF80E6F0055F12E /* Utilities.swift */ = {isa = PBXFileReference; lastKnownFileType = sourcecode.swift; path = Utilities.swift; sourceTree = "<group>"; };
		4DCA724626D2331700E53537 /* GoogleInputTools.app */ = {isa = PBXFileReference; explicitFileType = wrapper.application; includeInIndex = 0; path = GoogleInputTools.app; sourceTree = BUILT_PRODUCTS_DIR; };
		4DCA724D26D2331900E53537 /* Assets.xcassets */ = {isa = PBXFileReference; lastKnownFileType = folder.assetcatalog; path = Assets.xcassets; sourceTree = "<group>"; };
		4DCA725026D2331900E53537 /* Preview Assets.xcassets */ = {isa = PBXFileReference; lastKnownFileType = folder.assetcatalog; path = "Preview Assets.xcassets"; sourceTree = "<group>"; };
		4DCA725326D2331900E53537 /* Base */ = {isa = PBXFileReference; lastKnownFileType = file.storyboard; name = Base; path = Base.lproj/Main.storyboard; sourceTree = "<group>"; };
		4DCA725526D2331900E53537 /* Info.plist */ = {isa = PBXFileReference; lastKnownFileType = text.plist.xml; path = Info.plist; sourceTree = "<group>"; };
		4DCA725626D2331900E53537 /* GoogleInputTools.entitlements */ = {isa = PBXFileReference; lastKnownFileType = text.plist.entitlements; path = GoogleInputTools.entitlements; sourceTree = "<group>"; };
		4DCA725C26D233B700E53537 /* main.swift */ = {isa = PBXFileReference; lastKnownFileType = sourcecode.swift; path = main.swift; sourceTree = "<group>"; };
		4DCA725E26D2368B00E53537 /* GoogleInputToolsController.swift */ = {isa = PBXFileReference; lastKnownFileType = sourcecode.swift; path = GoogleInputToolsController.swift; sourceTree = "<group>"; };
		4DCA726026D246DF00E53537 /* InputContext.swift */ = {isa = PBXFileReference; lastKnownFileType = sourcecode.swift; path = InputContext.swift; sourceTree = "<group>"; };
		4DCA726226D249F600E53537 /* CandidatesWindow.swift */ = {isa = PBXFileReference; lastKnownFileType = sourcecode.swift; path = CandidatesWindow.swift; sourceTree = "<group>"; };
		4DCA726426D24A1700E53537 /* CandidatesView.swift */ = {isa = PBXFileReference; lastKnownFileType = sourcecode.swift; path = CandidatesView.swift; sourceTree = "<group>"; };
		02DB9849E580370B9789D2F0 /* CandidateUIManager.swift */ = {isa = PBXFileReference; lastKnownFileType = sourcecode.swift; path = CandidateUIManager.swift; sourceTree = "<group>"; };
		602F47FB93FF5FA30D594310 /* SystemUICandidateManager.swift */ = {isa = PBXFileReference; lastKnownFileType = sourcecode.swift; path = SystemUICandidateManager.swift; sourceTree = "<group>"; };
		643D6555C5D2FDDC94238C00 /* CustomUICandidateManager.swift */ = {isa = PBXFileReference; lastKnownFileType = sourcecode.swift; path = CustomUICandidateManager.swift; sourceTree = "<group>"; };
		A1B2C3D4E5F6071829304140 /* PreferencesWindow.swift */ = {isa = PBXFileReference; lastKnownFileType = sourcecode.swift; path = PreferencesWindow.swift; sourceTree = "<group>"; };
		C1D2E3F4A5B6071829304150 /* ShiftToggleTracker.swift */ = {isa = PBXFileReference; lastKnownFileType = sourcecode.swift; path = ShiftToggleTracker.swift; sourceTree = "<group>"; };
		B1A2C3D4E5F60718293041B0 /* InputContextTests.swift */ = {isa = PBXFileReference; lastKnownFileType = sourcecode.swift; path = InputContextTests.swift; sourceTree = "<group>"; };
		B1A2C3D4E5F60718293041B2 /* CloudInputEngineTests.swift */ = {isa = PBXFileReference; lastKnownFileType = sourcecode.swift; path = CloudInputEngineTests.swift; sourceTree = "<group>"; };
		D1E2F3A4B5C60718293041C0 /* CandidateCacheTests.swift */ = {isa = PBXFileReference; lastKnownFileType = sourcecode.swift; path = CandidateCacheTests.swift; sourceTree = "<group>"; };
		C1D2E3F4A5B6071829304165 /* ShiftToggleTrackerTests.swift */ = {isa = PBXFileReference; lastKnownFileType = sourcecode.swift; path = ShiftToggleTrackerTests.swift; sourceTree = "<group>"; };
		B1A2C3D4E5F60718293041A1 /* GoogleInputToolsTests.xctest */ = {isa = PBXFileReference; explicitFileType = wrapper.cfbundle; includeInIndex = 0; path = GoogleInputToolsTests.xctest; sourceTree = BUILT_PRODUCTS_DIR; };
/* End PBXFileReference section */


/* Begin PBXContainerItemProxy section */
		B1A2C3D4E5F60718293041A7 /* PBXContainerItemProxy */ = {
			isa = PBXContainerItemProxy;
			containerPortal = 4DCA723E26D2331700E53537 /* Project object */;
			proxyType = 1;
			remoteGlobalIDString = 4DCA724526D2331700E53537;
			remoteInfo = GoogleInputTools;
		};
/* End PBXContainerItemProxy section */

/* Begin PBXFrameworksBuildPhase section */
		4DCA724326D2331700E53537 /* Frameworks */ = {
			isa = PBXFrameworksBuildPhase;
			buildActionMask = 2147483647;
			files = (
			);
			runOnlyForDeploymentPostprocessing = 0;
		};
		B1A2C3D4E5F60718293041A4 /* Frameworks */ = {
			isa = PBXFrameworksBuildPhase;
			buildActionMask = 2147483647;
			files = (
			);
			runOnlyForDeploymentPostprocessing = 0;
		};
/* End PBXFrameworksBuildPhase section */

/* Begin PBXGroup section */
		4DCA723D26D2331700E53537 = {
			isa = PBXGroup;
			children = (
				4DCA724826D2331700E53537 /* GoogleInputTools */,
				B1A2C3D4E5F60718293041A2 /* GoogleInputToolsTests */,
				4DCA724726D2331700E53537 /* Products */,
			);
			sourceTree = "<group>";
		};
		4DCA724726D2331700E53537 /* Products */ = {
			isa = PBXGroup;
			children = (
				4DCA724626D2331700E53537 /* GoogleInputTools.app */,
				B1A2C3D4E5F60718293041A1 /* GoogleInputToolsTests.xctest */,
			);
			name = Products;
			sourceTree = "<group>";
		};
		4DCA724826D2331700E53537 /* GoogleInputTools */ = {
			isa = PBXGroup;
			children = (
				4DCA725626D2331900E53537 /* GoogleInputTools.entitlements */,
				4DCA725526D2331900E53537 /* Info.plist */,
				4DCA725E26D2368B00E53537 /* GoogleInputToolsController.swift */,
				4DCA726026D246DF00E53537 /* InputContext.swift */,
				4DCA725C26D233B700E53537 /* main.swift */,
				4DCA724D26D2331900E53537 /* Assets.xcassets */,
				4DCA725226D2331900E53537 /* Main.storyboard */,
				4DCA724F26D2331900E53537 /* Preview Content */,
				4DCA726226D249F600E53537 /* CandidatesWindow.swift */,
				4DCA726426D24A1700E53537 /* CandidatesView.swift */,
				4D73286B26D297BD00970795 /* CloudInputEngine.swift */,
				BC5FBFDEBAE48F5E02DAE35A /* CandidateCache.swift */,
				4DA371B32CF80E6F0055F12E /* Utilities.swift */,
				4D3B7ACC26D3F30C008C1A4B /* UISettings.swift */,
				4D3B7ACE26D3F30C008C1A4B /* ProxySettings.swift */,
				02DB9849E580370B9789D2F0 /* CandidateUIManager.swift */,
				602F47FB93FF5FA30D594310 /* SystemUICandidateManager.swift */,
				643D6555C5D2FDDC94238C00 /* CustomUICandidateManager.swift */,
				A1B2C3D4E5F6071829304140 /* PreferencesWindow.swift */,
				C1D2E3F4A5B6071829304150 /* ShiftToggleTracker.swift */,
				4D07405226E007B5007FE390 /* InfoPlist.strings */,
			);
			path = GoogleInputTools;
			sourceTree = "<group>";
		};
		4DCA724F26D2331900E53537 /* Preview Content */ = {
			isa = PBXGroup;
			children = (
				4DCA725026D2331900E53537 /* Preview Assets.xcassets */,
			);
			path = "Preview Content";
			sourceTree = "<group>";
		};
		B1A2C3D4E5F60718293041A2 /* GoogleInputToolsTests */ = {
			isa = PBXGroup;
			children = (
				B1A2C3D4E5F60718293041B0 /* InputContextTests.swift */,
				B1A2C3D4E5F60718293041B2 /* CloudInputEngineTests.swift */,
				D1E2F3A4B5C60718293041C0 /* CandidateCacheTests.swift */,
				C1D2E3F4A5B6071829304165 /* ShiftToggleTrackerTests.swift */,
			);
			path = GoogleInputToolsTests;
			sourceTree = "<group>";
		};
/* End PBXGroup section */

/* Begin PBXNativeTarget section */
		4DCA724526D2331700E53537 /* GoogleInputTools */ = {
			isa = PBXNativeTarget;
			buildConfigurationList = 4DCA725926D2331900E53537 /* Build configuration list for PBXNativeTarget "GoogleInputTools" */;
			buildPhases = (
				4DCA724226D2331700E53537 /* Sources */,
				4DCA724326D2331700E53537 /* Frameworks */,
				4DCA724426D2331700E53537 /* Resources */,
			);
			buildRules = (
			);
			dependencies = (
			);
			name = GoogleInputTools;
			productName = GoogleInputTools;
			productReference = 4DCA724626D2331700E53537 /* GoogleInputTools.app */;
			productType = "com.apple.product-type.application";
		};
		B1A2C3D4E5F60718293041A0 /* GoogleInputToolsTests */ = {
			isa = PBXNativeTarget;
			buildConfigurationList = B1A2C3D4E5F60718293041AA /* Build configuration list for PBXNativeTarget "GoogleInputToolsTests" */;
			buildPhases = (
				B1A2C3D4E5F60718293041A3 /* Sources */,
				B1A2C3D4E5F60718293041A4 /* Frameworks */,
			);
			buildRules = (
			);
			dependencies = (
				B1A2C3D4E5F60718293041A6 /* PBXTargetDependency */,
			);
			name = GoogleInputToolsTests;
			productName = GoogleInputToolsTests;
			productReference = B1A2C3D4E5F60718293041A1 /* GoogleInputToolsTests.xctest */;
			productType = "com.apple.product-type.bundle.unit-test";
		};
/* End PBXNativeTarget section */

/* Begin PBXProject section */
		4DCA723E26D2331700E53537 /* Project object */ = {
			isa = PBXProject;
			attributes = {
				BuildIndependentTargetsInParallel = YES;
				LastSwiftUpdateCheck = 1250;
				LastUpgradeCheck = 1610;
				TargetAttributes = {
					4DCA724526D2331700E53537 = {
						CreatedOnToolsVersion = 12.5.1;
					};
				};
			};
			buildConfigurationList = 4DCA724126D2331700E53537 /* Build configuration list for PBXProject "GoogleInputTools" */;
			compatibilityVersion = "Xcode 9.3";
			developmentRegion = en;
			hasScannedForEncodings = 0;
			knownRegions = (
				en,
				Base,
			);
			mainGroup = 4DCA723D26D2331700E53537;
			productRefGroup = 4DCA724726D2331700E53537 /* Products */;
			projectDirPath = "";
			projectRoot = "";
			targets = (
				4DCA724526D2331700E53537 /* GoogleInputTools */,
				B1A2C3D4E5F60718293041A0 /* GoogleInputToolsTests */,
			);
		};
/* End PBXProject section */

/* Begin PBXResourcesBuildPhase section */
		4DCA724426D2331700E53537 /* Resources */ = {
			isa = PBXResourcesBuildPhase;
			buildActionMask = 2147483647;
			files = (
				4DCA725426D2331900E53537 /* Main.storyboard in Resources */,
				4D07405326E007B5007FE390 /* InfoPlist.strings in Resources */,
				4DCA725126D2331900E53537 /* Preview Assets.xcassets in Resources */,
				4DCA724E26D2331900E53537 /* Assets.xcassets in Resources */,
			);
			runOnlyForDeploymentPostprocessing = 0;
		};
/* End PBXResourcesBuildPhase section */

/* Begin PBXSourcesBuildPhase section */
		4DCA724226D2331700E53537 /* Sources */ = {
			isa = PBXSourcesBuildPhase;
			buildActionMask = 2147483647;
			files = (
				4D3B7ACD26D3F30C008C1A4B /* UISettings.swift in Sources */,
				4D3B7ACF26D3F30C008C1A4B /* ProxySettings.swift in Sources */,
				4DCA725F26D2368B00E53537 /* GoogleInputToolsController.swift in Sources */,
				4DCA726326D249F600E53537 /* CandidatesWindow.swift in Sources */,
				4DCA725D26D233B700E53537 /* main.swift in Sources */,
				4DCA726126D246DF00E53537 /* InputContext.swift in Sources */,
				4D73286C26D297BD00970795 /* CloudInputEngine.swift in Sources */,
				C944020EBD53ADC1D50C3753 /* CandidateCache.swift in Sources */,
				4DA371B42CF80E730055F12E /* Utilities.swift in Sources */,
				4DCA726526D24A1700E53537 /* CandidatesView.swift in Sources */,
				02DB9849E580370B9789D2F9 /* CandidateUIManager.swift in Sources */,
				602F47FB93FF5FA30D594311 /* SystemUICandidateManager.swift in Sources */,
				643D6555C5D2FDDC94238C09 /* CustomUICandidateManager.swift in Sources */,
				A1B2C3D4E5F6071829304150 /* PreferencesWindow.swift in Sources */,
				C1D2E3F4A5B6071829304160 /* ShiftToggleTracker.swift in Sources */,
			);
			runOnlyForDeploymentPostprocessing = 0;
		};

/* Begin PBXSourcesBuildPhase section (Tests) */
		B1A2C3D4E5F60718293041A3 /* Sources */ = {
			isa = PBXSourcesBuildPhase;
			buildActionMask = 2147483647;
			files = (
				B1A2C3D4E5F60718293041B1 /* InputContextTests.swift in Sources */,
				B1A2C3D4E5F60718293041B3 /* CloudInputEngineTests.swift in Sources */,
				D1E2F3A4B5C60718293041C1 /* CandidateCacheTests.swift in Sources */,
				C1D2E3F4A5B6071829304170 /* ShiftToggleTrackerTests.swift in Sources */,
			);
			runOnlyForDeploymentPostprocessing = 0;
		};
/* End PBXSourcesBuildPhase section */


/* Begin PBXTargetDependency section */
		B1A2C3D4E5F60718293041A6 /* PBXTargetDependency */ = {
			isa = PBXTargetDependency;
			target = 4DCA724526D2331700E53537 /* GoogleInputTools */;
			targetProxy = B1A2C3D4E5F60718293041A7 /* PBXContainerItemProxy */;
		};
/* End PBXTargetDependency section */
/* Begin PBXVariantGroup section */
		4DCA725226D2331900E53537 /* Main.storyboard */ = {
			isa = PBXVariantGroup;
			children = (
				4DCA725326D2331900E53537 /* Base */,
			);
			name = Main.storyboard;
			sourceTree = "<group>";
		};
/* End PBXVariantGroup section */

/* Begin XCBuildConfiguration section */
		4DCA725726D2331900E53537 /* Debug */ = {
			isa = XCBuildConfiguration;
			buildSettings = {
				ALWAYS_SEARCH_USER_PATHS = NO;
				CLANG_ANALYZER_NONNULL = YES;
				CLANG_ANALYZER_NUMBER_OBJECT_CONVERSION = YES_AGGRESSIVE;
				CLANG_CXX_LANGUAGE_STANDARD = "gnu++14";
				CLANG_CXX_LIBRARY = "libc++";
				CLANG_ENABLE_MODULES = YES;
				CLANG_ENABLE_OBJC_ARC = YES;
				CLANG_ENABLE_OBJC_WEAK = YES;
				CLANG_WARN_BLOCK_CAPTURE_AUTORELEASING = YES;
				CLANG_WARN_BOOL_CONVERSION = YES;
				CLANG_WARN_COMMA = YES;
				CLANG_WARN_CONSTANT_CONVERSION = YES;
				CLANG_WARN_DEPRECATED_OBJC_IMPLEMENTATIONS = YES;
				CLANG_WARN_DIRECT_OBJC_ISA_USAGE = YES_ERROR;
				CLANG_WARN_DOCUMENTATION_COMMENTS = YES;
				CLANG_WARN_EMPTY_BODY = YES;
				CLANG_WARN_ENUM_CONVERSION = YES;
				CLANG_WARN_INFINITE_RECURSION = YES;
				CLANG_WARN_INT_CONVERSION = YES;
				CLANG_WARN_NON_LITERAL_NULL_CONVERSION = YES;
				CLANG_WARN_OBJC_IMPLICIT_RETAIN_SELF = YES;
				CLANG_WARN_OBJC_LITERAL_CONVERSION = YES;
				CLANG_WARN_OBJC_ROOT_CLASS = YES_ERROR;
				CLANG_WARN_QUOTED_INCLUDE_IN_FRAMEWORK_HEADER = YES;
				CLANG_WARN_RANGE_LOOP_ANALYSIS = YES;
				CLANG_WARN_STRICT_PROTOTYPES = YES;
				CLANG_WARN_SUSPICIOUS_MOVE = YES;
				CLANG_WARN_UNGUARDED_AVAILABILITY = YES_AGGRESSIVE;
				CLANG_WARN_UNREACHABLE_CODE = YES;
				CLANG_WARN__DUPLICATE_METHOD_MATCH = YES;
				COPY_PHASE_STRIP = NO;
				DEAD_CODE_STRIPPING = YES;
				DEBUG_INFORMATION_FORMAT = dwarf;
				ENABLE_STRICT_OBJC_MSGSEND = YES;
				ENABLE_TESTABILITY = YES;
				ENABLE_USER_SCRIPT_SANDBOXING = YES;
				GCC_C_LANGUAGE_STANDARD = gnu11;
				GCC_DYNAMIC_NO_PIC = NO;
				GCC_NO_COMMON_BLOCKS = YES;
				GCC_OPTIMIZATION_LEVEL = 0;
				GCC_PREPROCESSOR_DEFINITIONS = (
					"DEBUG=1",
					"$(inherited)",
				);
				GCC_WARN_64_TO_32_BIT_CONVERSION = YES;
				GCC_WARN_ABOUT_RETURN_TYPE = YES_ERROR;
				GCC_WARN_UNDECLARED_SELECTOR = YES;
				GCC_WARN_UNINITIALIZED_AUTOS = YES_AGGRESSIVE;
				GCC_WARN_UNUSED_FUNCTION = YES;
				GCC_WARN_UNUSED_VARIABLE = YES;
				MACOSX_DEPLOYMENT_TARGET = 11.3;
				MTL_ENABLE_DEBUG_INFO = INCLUDE_SOURCE;
				MTL_FAST_MATH = YES;
				ONLY_ACTIVE_ARCH = YES;
				SDKROOT = macosx;
				SWIFT_ACTIVE_COMPILATION_CONDITIONS = DEBUG;
				SWIFT_OPTIMIZATION_LEVEL = "-Onone";
			};
			name = Debug;
		};
		4DCA725826D2331900E53537 /* Release */ = {
			isa = XCBuildConfiguration;
			buildSettings = {
				ALWAYS_SEARCH_USER_PATHS = NO;
				CLANG_ANALYZER_NONNULL = YES;
				CLANG_ANALYZER_NUMBER_OBJECT_CONVERSION = YES_AGGRESSIVE;
				CLANG_CXX_LANGUAGE_STANDARD = "gnu++14";
				CLANG_CXX_LIBRARY = "libc++";
				CLANG_ENABLE_MODULES = YES;
				CLANG_ENABLE_OBJC_ARC = YES;
				CLANG_ENABLE_OBJC_WEAK = YES;
				CLANG_WARN_BLOCK_CAPTURE_AUTORELEASING = YES;
				CLANG_WARN_BOOL_CONVERSION = YES;
				CLANG_WARN_COMMA = YES;
				CLANG_WARN_CONSTANT_CONVERSION = YES;
				CLANG_WARN_DEPRECATED_OBJC_IMPLEMENTATIONS = YES;
				CLANG_WARN_DIRECT_OBJC_ISA_USAGE = YES_ERROR;
				CLANG_WARN_DOCUMENTATION_COMMENTS = YES;
				CLANG_WARN_EMPTY_BODY = YES;
				CLANG_WARN_ENUM_CONVERSION = YES;
				CLANG_WARN_INFINITE_RECURSION = YES;
				CLANG_WARN_INT_CONVERSION = YES;
				CLANG_WARN_NON_LITERAL_NULL_CONVERSION = YES;
				CLANG_WARN_OBJC_IMPLICIT_RETAIN_SELF = YES;
				CLANG_WARN_OBJC_LITERAL_CONVERSION = YES;
				CLANG_WARN_OBJC_ROOT_CLASS = YES_ERROR;
				CLANG_WARN_QUOTED_INCLUDE_IN_FRAMEWORK_HEADER = YES;
				CLANG_WARN_RANGE_LOOP_ANALYSIS = YES;
				CLANG_WARN_STRICT_PROTOTYPES = YES;
				CLANG_WARN_SUSPICIOUS_MOVE = YES;
				CLANG_WARN_UNGUARDED_AVAILABILITY = YES_AGGRESSIVE;
				CLANG_WARN_UNREACHABLE_CODE = YES;
				CLANG_WARN__DUPLICATE_METHOD_MATCH = YES;
				COPY_PHASE_STRIP = NO;
				DEAD_CODE_STRIPPING = YES;
				DEBUG_INFORMATION_FORMAT = "dwarf-with-dsym";
				ENABLE_NS_ASSERTIONS = NO;
				ENABLE_STRICT_OBJC_MSGSEND = YES;
				ENABLE_USER_SCRIPT_SANDBOXING = YES;
				GCC_C_LANGUAGE_STANDARD = gnu11;
				GCC_NO_COMMON_BLOCKS = YES;
				GCC_WARN_64_TO_32_BIT_CONVERSION = YES;
				GCC_WARN_ABOUT_RETURN_TYPE = YES_ERROR;
				GCC_WARN_UNDECLARED_SELECTOR = YES;
				GCC_WARN_UNINITIALIZED_AUTOS = YES_AGGRESSIVE;
				GCC_WARN_UNUSED_FUNCTION = YES;
				GCC_WARN_UNUSED_VARIABLE = YES;
				MACOSX_DEPLOYMENT_TARGET = 11.3;
				MTL_ENABLE_DEBUG_INFO = NO;
				MTL_FAST_MATH = YES;
				SDKROOT = macosx;
				SWIFT_COMPILATION_MODE = wholemodule;
				SWIFT_OPTIMIZATION_LEVEL = "-O";
			};
			name = Release;
		};
		4DCA725A26D2331900E53537 /* Debug */ = {
			isa = XCBuildConfiguration;
			buildSettings = {
				ASSETCATALOG_COMPILER_APPICON_NAME = AppIcon;
				ASSETCATALOG_COMPILER_GLOBAL_ACCENT_COLOR_NAME = AccentColor;
				CODE_SIGN_ENTITLEMENTS = GoogleInputTools/GoogleInputTools.entitlements;
				CODE_SIGN_STYLE = Automatic;
				COMBINE_HIDPI_IMAGES = YES;
				CONFIGURATION_BUILD_DIR = $SYMROOT/$CONFIGURATION;
				DEAD_CODE_STRIPPING = YES;
				DEVELOPMENT_ASSET_PATHS = "\"GoogleInputTools/Preview Content\"";
				ENABLE_PREVIEWS = YES;
				INFOPLIST_FILE = GoogleInputTools/Info.plist;
				LD_RUNPATH_SEARCH_PATHS = (
					"$(inherited)",
					"@executable_path/../Frameworks",
				);
				MACOSX_DEPLOYMENT_TARGET = 11.0;
				PRODUCT_BUNDLE_IDENTIFIER = com.lennylxx.inputmethod.GoogleInputTools;
				PRODUCT_NAME = "$(TARGET_NAME)";
				OTHER_LDFLAGS = "-lsqlite3";
				SWIFT_VERSION = 5.0;
			};
			name = Debug;
		};
		4DCA725B26D2331900E53537 /* Release */ = {
			isa = XCBuildConfiguration;
			buildSettings = {
				ASSETCATALOG_COMPILER_APPICON_NAME = AppIcon;
				ASSETCATALOG_COMPILER_GLOBAL_ACCENT_COLOR_NAME = AccentColor;
				CODE_SIGN_ENTITLEMENTS = GoogleInputTools/GoogleInputTools.entitlements;
				CODE_SIGN_STYLE = Automatic;
				COMBINE_HIDPI_IMAGES = YES;
				CONFIGURATION_BUILD_DIR = $SYMROOT/$CONFIGURATION;
				DEAD_CODE_STRIPPING = YES;
				DEVELOPMENT_ASSET_PATHS = "\"GoogleInputTools/Preview Content\"";
				ENABLE_PREVIEWS = YES;
				INFOPLIST_FILE = GoogleInputTools/Info.plist;
				LD_RUNPATH_SEARCH_PATHS = (
					"$(inherited)",
					"@executable_path/../Frameworks",
				);
				MACOSX_DEPLOYMENT_TARGET = 11.0;
				PRODUCT_BUNDLE_IDENTIFIER = com.lennylxx.inputmethod.GoogleInputTools;
				PRODUCT_NAME = "$(TARGET_NAME)";
				OTHER_LDFLAGS = "-lsqlite3";
				SWIFT_VERSION = 5.0;
			};
			name = Release;
		};
		B1A2C3D4E5F60718293041A8 /* Debug */ = {
			isa = XCBuildConfiguration;
			buildSettings = {
				BUNDLE_LOADER = "$(TEST_HOST)";
				CODE_SIGN_STYLE = Automatic;
				DEAD_CODE_STRIPPING = YES;
				GENERATE_INFOPLIST_FILE = YES;
				LD_RUNPATH_SEARCH_PATHS = (
					"$(inherited)",
					"@executable_path/../Frameworks",
					"@loader_path/../Frameworks",
				);
				MACOSX_DEPLOYMENT_TARGET = 11.0;
				PRODUCT_BUNDLE_IDENTIFIER = com.lennylxx.inputmethod.GoogleInputToolsTests;
				PRODUCT_NAME = "$(TARGET_NAME)";
				SWIFT_VERSION = 5.0;
				TEST_HOST = "$(BUILT_PRODUCTS_DIR)/GoogleInputTools.app/Contents/MacOS/GoogleInputTools";
			};
			name = Debug;
		};
		B1A2C3D4E5F60718293041A9 /* Release */ = {
			isa = XCBuildConfiguration;
			buildSettings = {
				BUNDLE_LOADER = "$(TEST_HOST)";
				CODE_SIGN_STYLE = Automatic;
				DEAD_CODE_STRIPPING = YES;
				GENERATE_INFOPLIST_FILE = YES;
				LD_RUNPATH_SEARCH_PATHS = (
					"$(inherited)",
					"@executable_path/../Frameworks",
					"@loader_path/../Frameworks",
				);
				MACOSX_DEPLOYMENT_TARGET = 11.0;
				PRODUCT_BUNDLE_IDENTIFIER = com.lennylxx.inputmethod.GoogleInputToolsTests;
				PRODUCT_NAME = "$(TARGET_NAME)";
				SWIFT_VERSION = 5.0;
				TEST_HOST = "$(BUILT_PRODUCTS_DIR)/GoogleInputTools.app/Contents/MacOS/GoogleInputTools";
			};
			name = Release;
		};
/* End XCBuildConfiguration section */

/* Begin XCConfigurationList section */
		4DCA724126D2331700E53537 /* Build configuration list for PBXProject "GoogleInputTools" */ = {
			isa = XCConfigurationList;
			buildConfigurations = (
				4DCA725726D2331900E53537 /* Debug */,
				4DCA725826D2331900E53537 /* Release */,
			);
			defaultConfigurationIsVisible = 0;
			defaultConfigurationName = Release;
		};
		4DCA725926D2331900E53537 /* Build configuration list for PBXNativeTarget "GoogleInputTools" */ = {
			isa = XCConfigurationList;
			buildConfigurations = (
				4DCA725A26D2331900E53537 /* Debug */,
				4DCA725B26D2331900E53537 /* Release */,
			);
			defaultConfigurationIsVisible = 0;
			defaultConfigurationName = Release;
		};
		B1A2C3D4E5F60718293041AA /* Build configuration list for PBXNativeTarget "GoogleInputToolsTests" */ = {
			isa = XCConfigurationList;
			buildConfigurations = (
				B1A2C3D4E5F60718293041A8 /* Debug */,
				B1A2C3D4E5F60718293041A9 /* Release */,
			);
			defaultConfigurationIsVisible = 0;
			defaultConfigurationName = Release;
		};
/* End XCConfigurationList section */
	};
	rootObject = 4DCA723E26D2331700E53537 /* Project object */;
}
